
Microsoft Visual Studio Solution File, Format Version 12.00
# Visual Studio Version 16
VisualStudioVersion = 16.0.29311.281
MinimumVisualStudioVersion = 10.0.40219.1
Project("{FAE04EC0-301F-11D3-BF4B-00C04F79EFBC}") = "Simple", "Simple\Simple.csproj", "{2D3DE50F-AB17-4A86-BA11-2953ACA9E1FF}"
EndProject
Global
	GlobalSection(SolutionConfigurationPlatforms) = preSolution
		Debug|Any CPU = Debug|Any CPU
		Release|Any CPU = Release|Any CPU
	EndGlobalSection
	GlobalSection(ProjectConfigurationPlatforms) = postSolution
		{2D3DE50F-AB17-4A86-BA11-2953ACA9E1FF}.Debug|Any CPU.ActiveCfg = Debug|Any CPU
		{2D3DE50F-AB17-4A86-BA11-2953ACA9E1FF}.Debug|Any CPU.Build.0 = Debug|Any CPU
		{2D3DE50F-AB17-4A86-BA11-2953ACA9E1FF}.Release|Any CPU.ActiveCfg = Release|Any CPU
		{2D3DE50F-AB17-4A86-BA11-2953ACA9E1FF}.Release|Any CPU.Build.0 = Release|Any CPU
	EndGlobalSection
	GlobalSection(SolutionProperties) = preSolution
		HideSolutionNode = FALSE
	EndGlobalSection
	GlobalSection(ExtensibilityGlobals) = postSolution
		SolutionGuid = {3C400E7C-B20E-4703-AF9F-9AE89404E6C7}
	EndGlobalSection
EndGlobal
